
Microsoft Visual Studio Solution File, Format Version 12.00
Project("{FAE04EC0-301F-11D3-BF4B-00C04F79EFBC}") = "DangerBug", "DangerBug\DangerBug.csproj", "{45698B83-1774-4637-8050-C92231930B0B}"
EndProject
Project("{FAE04EC0-301F-11D3-BF4B-00C04F79EFBC}") = "AreaAndCircumference", "AreaAndCircumference\AreaAndCircumference.csproj", "{5D0CC5C0-AD62-4DFA-8827-6424A9331408}"
EndProject
Global
	GlobalSection(SolutionConfigurationPlatforms) = preSolution
		Debug|Any CPU = Debug|Any CPU
		Release|Any CPU = Release|Any CPU
	EndGlobalSection
	GlobalSection(ProjectConfigurationPlatforms) = postSolution
		{45698B83-1774-4637-8050-C92231930B0B}.Debug|Any CPU.ActiveCfg = Debug|Any CPU
		{45698B83-1774-4637-8050-C92231930B0B}.Debug|Any CPU.Build.0 = Debug|Any CPU
		{45698B83-1774-4637-8050-C92231930B0B}.Release|Any CPU.ActiveCfg = Release|Any CPU
		{45698B83-1774-4637-8050-C92231930B0B}.Release|Any CPU.Build.0 = Release|Any CPU
		{5D0CC5C0-AD62-4DFA-8827-6424A9331408}.Debug|Any CPU.ActiveCfg = Debug|Any CPU
		{5D0CC5C0-AD62-4DFA-8827-6424A9331408}.Debug|Any CPU.Build.0 = Debug|Any CPU
		{5D0CC5C0-AD62-4DFA-8827-6424A9331408}.Release|Any CPU.ActiveCfg = Release|Any CPU
		{5D0CC5C0-AD62-4DFA-8827-6424A9331408}.Release|Any CPU.Build.0 = Release|Any CPU
	EndGlobalSection
EndGlobal
